// !$*UTF8*$!
{
	archiveVersion = 1;
	classes = {
	};
	objectVersion = 46;
	objects = {

/* Begin PBXBuildFile section */
		0498A2211BE7F09E004F805F /* UIView+Extension.m in Sources */ = {isa = PBXBuildFile; fileRef = 0498A21F1BE7F09E004F805F /* UIView+Extension.m */; };
		0498A2281BE7F0A9004F805F /* AppDelegate.m in Sources */ = {isa = PBXBuildFile; fileRef = 0498A2241BE7F0A9004F805F /* AppDelegate.m */; };
		0498A2291BE7F0A9004F805F /* main.m in Sources */ = {isa = PBXBuildFile; fileRef = 0498A2251BE7F0A9004F805F /* main.m */; };
		0498A2301BE7F0B2004F805F /* XBWaterflowView.m in Sources */ = {isa = PBXBuildFile; fileRef = 0498A22D1BE7F0B2004F805F /* XBWaterflowView.m */; };
		0498A2311BE7F0B2004F805F /* XBWaterflowViewCell.m in Sources */ = {isa = PBXBuildFile; fileRef = 0498A22F1BE7F0B2004F805F /* XBWaterflowViewCell.m */; };
		049D56EF1BE761E8005BEA62 /* XBWaterFlow.xcdatamodeld in Sources */ = {isa = PBXBuildFile; fileRef = 049D56ED1BE761E8005BEA62 /* XBWaterFlow.xcdatamodeld */; };
		049D56F71BE761E8005BEA62 /* Images.xcassets in Resources */ = {isa = PBXBuildFile; fileRef = 049D56F61BE761E8005BEA62 /* Images.xcassets */; };
		049D57061BE761E8005BEA62 /* XBWaterFlowTests.m in Sources */ = {isa = PBXBuildFile; fileRef = 049D57051BE761E8005BEA62 /* XBWaterFlowTests.m */; };
		04F50E001BE7F30400BE514C /* ViewController.m in Sources */ = {isa = PBXBuildFile; fileRef = 04F50DFE1BE7F30400BE514C /* ViewController.m */; };
		04F50E021BE7F3C800BE514C /* Main.storyboard in Resources */ = {isa = PBXBuildFile; fileRef = 04F50E011BE7F3C800BE514C /* Main.storyboard */; };
/* End PBXBuildFile section */

/* Begin PBXContainerItemProxy section */
		049D57001BE761E8005BEA62 /* PBXContainerItemProxy */ = {
			isa = PBXContainerItemProxy;
			containerPortal = 049D56DB1BE761E8005BEA62 /* Project object */;
			proxyType = 1;
			remoteGlobalIDString = 049D56E21BE761E8005BEA62;
			remoteInfo = XBWaterFlow;
		};
/* End PBXContainerItemProxy section */

/* Begin PBXFileReference section */
		0498A2191BE77148004F805F /* PrefixHeader.pch */ = {isa = PBXFileReference; lastKnownFileType = sourcecode.c.h; path = PrefixHeader.pch; sourceTree = "<group>"; };
		0498A21E1BE7F09E004F805F /* UIView+Extension.h */ = {isa = PBXFileReference; fileEncoding = 4; lastKnownFileType = sourcecode.c.h; path = "UIView+Extension.h"; sourceTree = "<group>"; };
		0498A21F1BE7F09E004F805F /* UIView+Extension.m */ = {isa = PBXFileReference; fileEncoding = 4; lastKnownFileType = sourcecode.c.objc; path = "UIView+Extension.m"; sourceTree = "<group>"; };
		0498A2231BE7F0A9004F805F /* AppDelegate.h */ = {isa = PBXFileReference; fileEncoding = 4; lastKnownFileType = sourcecode.c.h; path = AppDelegate.h; sourceTree = "<group>"; };
		0498A2241BE7F0A9004F805F /* AppDelegate.m */ = {isa = PBXFileReference; fileEncoding = 4; lastKnownFileType = sourcecode.c.objc; path = AppDelegate.m; sourceTree = "<group>"; };
		0498A2251BE7F0A9004F805F /* main.m */ = {isa = PBXFileReference; fileEncoding = 4; lastKnownFileType = sourcecode.c.objc; path = main.m; sourceTree = "<group>"; };
		0498A22C1BE7F0B2004F805F /* XBWaterflowView.h */ = {isa = PBXFileReference; fileEncoding = 4; lastKnownFileType = sourcecode.c.h; path = XBWaterflowView.h; sourceTree = "<group>"; };
		0498A22D1BE7F0B2004F805F /* XBWaterflowView.m */ = {isa = PBXFileReference; fileEncoding = 4; lastKnownFileType = sourcecode.c.objc; path = XBWaterflowView.m; sourceTree = "<group>"; };
		0498A22E1BE7F0B2004F805F /* XBWaterflowViewCell.h */ = {isa = PBXFileReference; fileEncoding = 4; lastKnownFileType = sourcecode.c.h; path = XBWaterflowViewCell.h; sourceTree = "<group>"; };
		0498A22F1BE7F0B2004F805F /* XBWaterflowViewCell.m */ = {isa = PBXFileReference; fileEncoding = 4; lastKnownFileType = sourcecode.c.objc; path = XBWaterflowViewCell.m; sourceTree = "<group>"; };
		049D56E31BE761E8005BEA62 /* XBWaterFlow.app */ = {isa = PBXFileReference; explicitFileType = wrapper.application; includeInIndex = 0; path = XBWaterFlow.app; sourceTree = BUILT_PRODUCTS_DIR; };
		049D56E71BE761E8005BEA62 /* Info.plist */ = {isa = PBXFileReference; lastKnownFileType = text.plist.xml; path = Info.plist; sourceTree = "<group>"; };
		049D56EE1BE761E8005BEA62 /* XBWaterFlow.xcdatamodel */ = {isa = PBXFileReference; lastKnownFileType = wrapper.xcdatamodel; path = XBWaterFlow.xcdatamodel; sourceTree = "<group>"; };
		049D56F61BE761E8005BEA62 /* Images.xcassets */ = {isa = PBXFileReference; lastKnownFileType = folder.assetcatalog; path = Images.xcassets; sourceTree = "<group>"; };
		049D56FF1BE761E8005BEA62 /* XBWaterFlowTests.xctest */ = {isa = PBXFileReference; explicitFileType = wrapper.cfbundle; includeInIndex = 0; path = XBWaterFlowTests.xctest; sourceTree = BUILT_PRODUCTS_DIR; };
		049D57041BE761E8005BEA62 /* Info.plist */ = {isa = PBXFileReference; lastKnownFileType = text.plist.xml; path = Info.plist; sourceTree = "<group>"; };
		049D57051BE761E8005BEA62 /* XBWaterFlowTests.m */ = {isa = PBXFileReference; lastKnownFileType = sourcecode.c.objc; path = XBWaterFlowTests.m; sourceTree = "<group>"; };
		04F50DFE1BE7F30400BE514C /* ViewController.m */ = {isa = PBXFileReference; fileEncoding = 4; lastKnownFileType = sourcecode.c.objc; path = ViewController.m; sourceTree = "<group>"; };
		04F50DFF1BE7F30400BE514C /* ViewController.h */ = {isa = PBXFileReference; fileEncoding = 4; lastKnownFileType = sourcecode.c.h; path = ViewController.h; sourceTree = "<group>"; };
		04F50E011BE7F3C800BE514C /* Main.storyboard */ = {isa = PBXFileReference; fileEncoding = 4; lastKnownFileType = file.storyboard; path = Main.storyboard; sourceTree = "<group>"; };
/* End PBXFileReference section */

/* Begin PBXFrameworksBuildPhase section */
		049D56E01BE761E8005BEA62 /* Frameworks */ = {
			isa = PBXFrameworksBuildPhase;
			buildActionMask = 2147483647;
			files = (
			);
			runOnlyForDeploymentPostprocessing = 0;
		};
		049D56FC1BE761E8005BEA62 /* Frameworks */ = {
			isa = PBXFrameworksBuildPhase;
			buildActionMask = 2147483647;
			files = (
			);
			runOnlyForDeploymentPostprocessing = 0;
		};
/* End PBXFrameworksBuildPhase section */

/* Begin PBXGroup section */
		0498A21D1BE7F09E004F805F /* Category */ = {
			isa = PBXGroup;
			children = (
				0498A21E1BE7F09E004F805F /* UIView+Extension.h */,
				0498A21F1BE7F09E004F805F /* UIView+Extension.m */,
			);
			path = Category;
			sourceTree = "<group>";
		};
		0498A2201BE7F09E004F805F /* Controller */ = {
			isa = PBXGroup;
			children = (
			);
			path = Controller;
			sourceTree = "<group>";
		};
		0498A2221BE7F0A9004F805F /* Main */ = {
			isa = PBXGroup;
			children = (
				04F50DFE1BE7F30400BE514C /* ViewController.m */,
				04F50DFF1BE7F30400BE514C /* ViewController.h */,
				0498A2231BE7F0A9004F805F /* AppDelegate.h */,
				0498A2241BE7F0A9004F805F /* AppDelegate.m */,
				0498A2251BE7F0A9004F805F /* main.m */,
				04F50E011BE7F3C800BE514C /* Main.storyboard */,
			);
			path = Main;
			sourceTree = "<group>";
		};
		0498A22B1BE7F0B2004F805F /* XBWaterflow */ = {
			isa = PBXGroup;
			children = (
				0498A22C1BE7F0B2004F805F /* XBWaterflowView.h */,
				0498A22D1BE7F0B2004F805F /* XBWaterflowView.m */,
				0498A22E1BE7F0B2004F805F /* XBWaterflowViewCell.h */,
				0498A22F1BE7F0B2004F805F /* XBWaterflowViewCell.m */,
			);
			path = XBWaterflow;
			sourceTree = "<group>";
		};
		049D56DA1BE761E8005BEA62 = {
			isa = PBXGroup;
			children = (
				049D56E51BE761E8005BEA62 /* XBWaterFlow */,
				049D57021BE761E8005BEA62 /* XBWaterFlowTests */,
				049D56E41BE761E8005BEA62 /* Products */,
			);
			sourceTree = "<group>";
		};
		049D56E41BE761E8005BEA62 /* Products */ = {
			isa = PBXGroup;
			children = (
				049D56E31BE761E8005BEA62 /* XBWaterFlow.app */,
				049D56FF1BE761E8005BEA62 /* XBWaterFlowTests.xctest */,
			);
			name = Products;
			sourceTree = "<group>";
		};
		049D56E51BE761E8005BEA62 /* XBWaterFlow */ = {
			isa = PBXGroup;
			children = (
				0498A2221BE7F0A9004F805F /* Main */,
				0498A21D1BE7F09E004F805F /* Category */,
				0498A22B1BE7F0B2004F805F /* XBWaterflow */,
				0498A2201BE7F09E004F805F /* Controller */,
				049D56E61BE761E8005BEA62 /* Supporting Files */,
			);
			path = XBWaterFlow;
			sourceTree = "<group>";
		};
		049D56E61BE761E8005BEA62 /* Supporting Files */ = {
			isa = PBXGroup;
			children = (
				049D56F61BE761E8005BEA62 /* Images.xcassets */,
				049D56ED1BE761E8005BEA62 /* XBWaterFlow.xcdatamodeld */,
				049D56E71BE761E8005BEA62 /* Info.plist */,
				0498A2191BE77148004F805F /* PrefixHeader.pch */,
			);
			name = "Supporting Files";
			sourceTree = "<group>";
		};
		049D57021BE761E8005BEA62 /* XBWaterFlowTests */ = {
			isa = PBXGroup;
			children = (
				049D57051BE761E8005BEA62 /* XBWaterFlowTests.m */,
				049D57031BE761E8005BEA62 /* Supporting Files */,
			);
			path = XBWaterFlowTests;
			sourceTree = "<group>";
		};
		049D57031BE761E8005BEA62 /* Supporting Files */ = {
			isa = PBXGroup;
			children = (
				049D57041BE761E8005BEA62 /* Info.plist */,
			);
			name = "Supporting Files";
			sourceTree = "<group>";
		};
/* End PBXGroup section */

/* Begin PBXNativeTarget section */
		049D56E21BE761E8005BEA62 /* XBWaterFlow */ = {
			isa = PBXNativeTarget;
			buildConfigurationList = 049D57091BE761E8005BEA62 /* Build configuration list for PBXNativeTarget "XBWaterFlow" */;
			buildPhases = (
				049D56DF1BE761E8005BEA62 /* Sources */,
				049D56E01BE761E8005BEA62 /* Frameworks */,
				049D56E11BE761E8005BEA62 /* Resources */,
			);
			buildRules = (
			);
			dependencies = (
			);
			name = XBWaterFlow;
			productName = XBWaterFlow;
			productReference = 049D56E31BE761E8005BEA62 /* XBWaterFlow.app */;
			productType = "com.apple.product-type.application";
		};
		049D56FE1BE761E8005BEA62 /* XBWaterFlowTests */ = {
			isa = PBXNativeTarget;
			buildConfigurationList = 049D570C1BE761E8005BEA62 /* Build configuration list for PBXNativeTarget "XBWaterFlowTests" */;
			buildPhases = (
				049D56FB1BE761E8005BEA62 /* Sources */,
				049D56FC1BE761E8005BEA62 /* Frameworks */,
				049D56FD1BE761E8005BEA62 /* Resources */,
			);
			buildRules = (
			);
			dependencies = (
				049D57011BE761E8005BEA62 /* PBXTargetDependency */,
			);
			name = XBWaterFlowTests;
			productName = XBWaterFlowTests;
			productReference = 049D56FF1BE761E8005BEA62 /* XBWaterFlowTests.xctest */;
			productType = "com.apple.product-type.bundle.unit-test";
		};
/* End PBXNativeTarget section */

/* Begin PBXProject section */
		049D56DB1BE761E8005BEA62 /* Project object */ = {
			isa = PBXProject;
			attributes = {
				CLASSPREFIX = XB;
				LastUpgradeCheck = 0640;
				ORGANIZATIONNAME = Moobye;
				TargetAttributes = {
					049D56E21BE761E8005BEA62 = {
						CreatedOnToolsVersion = 6.4;
					};
					049D56FE1BE761E8005BEA62 = {
						CreatedOnToolsVersion = 6.4;
						TestTargetID = 049D56E21BE761E8005BEA62;
					};
				};
			};
			buildConfigurationList = 049D56DE1BE761E8005BEA62 /* Build configuration list for PBXProject "XBWaterFlow" */;
			compatibilityVersion = "Xcode 3.2";
			developmentRegion = English;
			hasScannedForEncodings = 0;
			knownRegions = (
				en,
				Base,
			);
			mainGroup = 049D56DA1BE761E8005BEA62;
			productRefGroup = 049D56E41BE761E8005BEA62 /* Products */;
			projectDirPath = "";
			projectRoot = "";
			targets = (
				049D56E21BE761E8005BEA62 /* XBWaterFlow */,
				049D56FE1BE761E8005BEA62 /* XBWaterFlowTests */,
			);
		};
/* End PBXProject section */

/* Begin PBXResourcesBuildPhase section */
		049D56E11BE761E8005BEA62 /* Resources */ = {
			isa = PBXResourcesBuildPhase;
			buildActionMask = 2147483647;
			files = (
				049D56F71BE761E8005BEA62 /* Images.xcassets in Resources */,
				04F50E021BE7F3C800BE514C /* Main.storyboard in Resources */,
			);
			runOnlyForDeploymentPostprocessing = 0;
		};
		049D56FD1BE761E8005BEA62 /* Resources */ = {
			isa = PBXResourcesBuildPhase;
			buildActionMask = 2147483647;
			files = (
			);
			runOnlyForDeploymentPostprocessing = 0;
		};
/* End PBXResourcesBuildPhase section */

/* Begin PBXSourcesBuildPhase section */
		049D56DF1BE761E8005BEA62 /* Sources */ = {
			isa = PBXSourcesBuildPhase;
			buildActionMask = 2147483647;
			files = (
				0498A2311BE7F0B2004F805F /* XBWaterflowViewCell.m in Sources */,
				0498A2301BE7F0B2004F805F /* XBWaterflowView.m in Sources */,
				04F50E001BE7F30400BE514C /* ViewController.m in Sources */,
				0498A2211BE7F09E004F805F /* UIView+Extension.m in Sources */,
				049D56EF1BE761E8005BEA62 /* XBWaterFlow.xcdatamodeld in Sources */,
				0498A2291BE7F0A9004F805F /* main.m in Sources */,
				0498A2281BE7F0A9004F805F /* AppDelegate.m in Sources */,
			);
			runOnlyForDeploymentPostprocessing = 0;
		};
		049D56FB1BE761E8005BEA62 /* Sources */ = {
			isa = PBXSourcesBuildPhase;
			buildActionMask = 2147483647;
			files = (
				049D57061BE761E8005BEA62 /* XBWaterFlowTests.m in Sources */,
			);
			runOnlyForDeploymentPostprocessing = 0;
		};
/* End PBXSourcesBuildPhase section */

/* Begin PBXTargetDependency section */
		049D57011BE761E8005BEA62 /* PBXTargetDependency */ = {
			isa = PBXTargetDependency;
			target = 049D56E21BE761E8005BEA62 /* XBWaterFlow */;
			targetProxy = 049D57001BE761E8005BEA62 /* PBXContainerItemProxy */;
		};
/* End PBXTargetDependency section */

/* Begin XCBuildConfiguration section */
		049D57071BE761E8005BEA62 /* Debug */ = {
			isa = XCBuildConfiguration;
			buildSettings = {
				ALWAYS_SEARCH_USER_PATHS = NO;
				CLANG_CXX_LANGUAGE_STANDARD = "gnu++0x";
				CLANG_CXX_LIBRARY = "libc++";
				CLANG_ENABLE_MODULES = YES;
				CLANG_ENABLE_OBJC_ARC = YES;
				CLANG_WARN_BOOL_CONVERSION = YES;
				CLANG_WARN_CONSTANT_CONVERSION = YES;
				CLANG_WARN_DIRECT_OBJC_ISA_USAGE = YES_ERROR;
				CLANG_WARN_EMPTY_BODY = YES;
				CLANG_WARN_ENUM_CONVERSION = YES;
				CLANG_WARN_INT_CONVERSION = YES;
				CLANG_WARN_OBJC_ROOT_CLASS = YES_ERROR;
				CLANG_WARN_UNREACHABLE_CODE = YES;
				CLANG_WARN__DUPLICATE_METHOD_MATCH = YES;
				"CODE_SIGN_IDENTITY[sdk=iphoneos*]" = "iPhone Developer";
				COPY_PHASE_STRIP = NO;
				DEBUG_INFORMATION_FORMAT = "dwarf-with-dsym";
				ENABLE_STRICT_OBJC_MSGSEND = YES;
				GCC_C_LANGUAGE_STANDARD = gnu99;
				GCC_DYNAMIC_NO_PIC = NO;
				GCC_NO_COMMON_BLOCKS = YES;
				GCC_OPTIMIZATION_LEVEL = 0;
				GCC_PREPROCESSOR_DEFINITIONS = (
					"DEBUG=1",
					"$(inherited)",
				);
				GCC_SYMBOLS_PRIVATE_EXTERN = NO;
				GCC_WARN_64_TO_32_BIT_CONVERSION = YES;
				GCC_WARN_ABOUT_RETURN_TYPE = YES_ERROR;
				GCC_WARN_UNDECLARED_SELECTOR = YES;
				GCC_WARN_UNINITIALIZED_AUTOS = YES_AGGRESSIVE;
				GCC_WARN_UNUSED_FUNCTION = YES;
				GCC_WARN_UNUSED_VARIABLE = YES;
				IPHONEOS_DEPLOYMENT_TARGET = 8.4;
				MTL_ENABLE_DEBUG_INFO = YES;
				ONLY_ACTIVE_ARCH = YES;
				SDKROOT = iphoneos;
				TARGETED_DEVICE_FAMILY = "1,2";
			};
			name = Debug;
		};
		049D57081BE761E8005BEA62 /* Release */ = {
			isa = XCBuildConfiguration;
			buildSettings = {
				ALWAYS_SEARCH_USER_PATHS = NO;
				CLANG_CXX_LANGUAGE_STANDARD = "gnu++0x";
				CLANG_CXX_LIBRARY = "libc++";
				CLANG_ENABLE_MODULES = YES;
				CLANG_ENABLE_OBJC_ARC = YES;
				CLANG_WARN_BOOL_CONVERSION = YES;
				CLANG_WARN_CONSTANT_CONVERSION = YES;
				CLANG_WARN_DIRECT_OBJC_ISA_USAGE = YES_ERROR;
				CLANG_WARN_EMPTY_BODY = YES;
				CLANG_WARN_ENUM_CONVERSION = YES;
				CLANG_WARN_INT_CONVERSION = YES;
				CLANG_WARN_OBJC_ROOT_CLASS = YES_ERROR;
				CLANG_WARN_UNREACHABLE_CODE = YES;
				CLANG_WARN__DUPLICATE_METHOD_MATCH = YES;
				"CODE_SIGN_IDENTITY[sdk=iphoneos*]" = "iPhone Developer";
				COPY_PHASE_STRIP = NO;
				DEBUG_INFORMATION_FORMAT = "dwarf-with-dsym";
				ENABLE_NS_ASSERTIONS = NO;
				ENABLE_STRICT_OBJC_MSGSEND = YES;
				GCC_C_LANGUAGE_STANDARD = gnu99;
				GCC_NO_COMMON_BLOCKS = YES;
				GCC_WARN_64_TO_32_BIT_CONVERSION = YES;
				GCC_WARN_ABOUT_RETURN_TYPE = YES_ERROR;
				GCC_WARN_UNDECLARED_SELECTOR = YES;
				GCC_WARN_UNINITIALIZED_AUTOS = YES_AGGRESSIVE;
				GCC_WARN_UNUSED_FUNCTION = YES;
				GCC_WARN_UNUSED_VARIABLE = YES;
				IPHONEOS_DEPLOYMENT_TARGET = 8.4;
				MTL_ENABLE_DEBUG_INFO = NO;
				SDKROOT = iphoneos;
				TARGETED_DEVICE_FAMILY = "1,2";
				VALIDATE_PRODUCT = YES;
			};
			name = Release;
		};
		049D570A1BE761E8005BEA62 /* Debug */ = {
			isa = XCBuildConfiguration;
			buildSettings = {
				ASSETCATALOG_COMPILER_APPICON_NAME = AppIcon;
				GCC_PREFIX_HEADER = /Users/mac/Desktop/XBWaterFlow/XBWaterFlow/PrefixHeader.pch;
				INFOPLIST_FILE = XBWaterFlow/Info.plist;
				LD_RUNPATH_SEARCH_PATHS = "$(inherited) @executable_path/Frameworks";
				PRODUCT_NAME = "$(TARGET_NAME)";
			};
			name = Debug;
		};
		049D570B1BE761E8005BEA62 /* Release */ = {
			isa = XCBuildConfiguration;
			buildSettings = {
				ASSETCATALOG_COMPILER_APPICON_NAME = AppIcon;
				GCC_PREFIX_HEADER = /Users/mac/Desktop/XBWaterFlow/XBWaterFlow/PrefixHeader.pch;
				INFOPLIST_FILE = XBWaterFlow/Info.plist;
				LD_RUNPATH_SEARCH_PATHS = "$(inherited) @executable_path/Frameworks";
				PRODUCT_NAME = "$(TARGET_NAME)";
			};
			name = Release;
		};
		049D570D1BE761E8005BEA62 /* Debug */ = {
			isa = XCBuildConfiguration;
			buildSettings = {
				BUNDLE_LOADER = "$(TEST_HOST)";
				FRAMEWORK_SEARCH_PATHS = (
					"$(SDKROOT)/Developer/Library/Frameworks",
					"$(inherited)",
				);
				GCC_PREFIX_HEADER = /Users/mac/Desktop/XBWaterFlow/XBWaterFlow/PrefixHeader.pch;
				GCC_PREPROCESSOR_DEFINITIONS = (
					"DEBUG=1",
					"$(inherited)",
				);
				INFOPLIST_FILE = XBWaterFlowTests/Info.plist;
				LD_RUNPATH_SEARCH_PATHS = "$(inherited) @executable_path/Frameworks @loader_path/Frameworks";
				PRODUCT_NAME = "$(TARGET_NAME)";
				TEST_HOST = "$(BUILT_PRODUCTS_DIR)/XBWaterFlow.app/XBWaterFlow";
			};
			name = Debug;
		};
		049D570E1BE761E8005BEA62 /* Release */ = {
			isa = XCBuildConfiguration;
			buildSettings = {
				BUNDLE_LOADER = "$(TEST_HOST)";
				FRAMEWORK_SEARCH_PATHS = (
					"$(SDKROOT)/Developer/Library/Frameworks",
					"$(inherited)",
				);
				GCC_PREFIX_HEADER = /Users/mac/Desktop/XBWaterFlow/XBWaterFlow/PrefixHeader.pch;
				INFOPLIST_FILE = XBWaterFlowTests/Info.plist;
				LD_RUNPATH_SEARCH_PATHS = "$(inherited) @executable_path/Frameworks @loader_path/Frameworks";
				PRODUCT_NAME = "$(TARGET_NAME)";
				TEST_HOST = "$(BUILT_PRODUCTS_DIR)/XBWaterFlow.app/XBWaterFlow";
			};
			name = Release;
		};
/* End XCBuildConfiguration section */

/* Begin XCConfigurationList section */
		049D56DE1BE761E8005BEA62 /* Build configuration list for PBXProject "XBWaterFlow" */ = {
			isa = XCConfigurationList;
			buildConfigurations = (
				049D57071BE761E8005BEA62 /* Debug */,
				049D57081BE761E8005BEA62 /* Release */,
			);
			defaultConfigurationIsVisible = 0;
			defaultConfigurationName = Release;
		};
		049D57091BE761E8005BEA62 /* Build configuration list for PBXNativeTarget "XBWaterFlow" */ = {
			isa = XCConfigurationList;
			buildConfigurations = (
				049D570A1BE761E8005BEA62 /* Debug */,
				049D570B1BE761E8005BEA62 /* Release */,
			);
			defaultConfigurationIsVisible = 0;
			defaultConfigurationName = Release;
		};
		049D570C1BE761E8005BEA62 /* Build configuration list for PBXNativeTarget "XBWaterFlowTests" */ = {
			isa = XCConfigurationList;
			buildConfigurations = (
				049D570D1BE761E8005BEA62 /* Debug */,
				049D570E1BE761E8005BEA62 /* Release */,
			);
			defaultConfigurationIsVisible = 0;
			defaultConfigurationName = Release;
		};
/* End XCConfigurationList section */

/* Begin XCVersionGroup section */
		049D56ED1BE761E8005BEA62 /* XBWaterFlow.xcdatamodeld */ = {
			isa = XCVersionGroup;
			children = (
				049D56EE1BE761E8005BEA62 /* XBWaterFlow.xcdatamodel */,
			);
			currentVersion = 049D56EE1BE761E8005BEA62 /* XBWaterFlow.xcdatamodel */;
			path = XBWaterFlow.xcdatamodeld;
			sourceTree = "<group>";
			versionGroupType = wrapper.xcdatamodel;
		};
/* End XCVersionGroup section */
	};
	rootObject = 049D56DB1BE761E8005BEA62 /* Project object */;
}
